# This file is automatically @generated by Cargo.
# It is not intended for manual editing.
version = 4

[[package]]
name = "orion-checkpoint"
version = "0.0.0"

[[package]]
name = "orion-ffi"
version = "0.0.0"

[[package]]
name = "orion-kernel"
version = "0.0.0"

[[package]]
name = "orion-policy"
version = "0.0.0"

[[package]]
name = "orion-protocol"
version = "0.0.0"

[[package]]
name = "orion-testing"
version = "0.0.0"
